
Microsoft Visual Studio Solution File, Format Version 10.00
# Visual C++ Express 2008
Project("{8BC9CEB8-8B4A-11D0-8D11-00A0C91BC942}") = "libfguid", "libfguid\libfguid.vcproj", "{D183C7CA-EEAB-4669-9BBE-8289FA08A754}"
	ProjectSection(ProjectDependencies) = postProject
		{20FFC4C9-F44C-45F6-A827-4819B4DF3C9F} = {20FFC4C9-F44C-45F6-A827-4819B4DF3C9F}
		{BD3A95FA-A3DE-4B79-A889-A7E5ECA4B69C} = {BD3A95FA-A3DE-4B79-A889-A7E5ECA4B69C}
	EndProjectSection
EndProject
Project("{8BC9CEB8-8B4A-11D0-8D11-00A0C91BC942}") = "fguid_test_identifier_copy_from", "fguid_test_identifier_copy_from\fguid_test_identifier_copy_from.vcproj", "{4D889E68-8FDA-4B30-8FAD-5D5977C8B219}"
	ProjectSection(ProjectDependencies) = postProject
		{D183C7CA-EEAB-4669-9BBE-8289FA08A754} = {D183C7CA-EEAB-4669-9BBE-8289FA08A754}
		{BD3A95FA-A3DE-4B79-A889-A7E5ECA4B69C} = {BD3A95FA-A3DE-4B79-A889-A7E5ECA4B69C}
		{20FFC4C9-F44C-45F6-A827-4819B4DF3C9F} = {20FFC4C9-F44C-45F6-A827-4819B4DF3C9F}
	EndProjectSection
EndProject
Project("{8BC9CEB8-8B4A-11D0-8D11-00A0C91BC942}") = "fguid_test_identifier_to_string", "fguid_test_identifier_to_string\fguid_test_identifier_to_string.vcproj", "{FE1DC155-3C65-4D44-AF9C-7765F3636151}"
	ProjectSection(ProjectDependencies) = postProject
		{D183C7CA-EEAB-4669-9BBE-8289FA08A754} = {D183C7CA-EEAB-4669-9BBE-8289FA08A754}
		{BD3A95FA-A3DE-4B79-A889-A7E5ECA4B69C} = {BD3A95FA-A3DE-4B79-A889-A7E5ECA4B69C}
		{20FFC4C9-F44C-45F6-A827-4819B4DF3C9F} = {20FFC4C9-F44C-45F6-A827-4819B4DF3C9F}
	EndProjectSection
EndProject
Project("{8BC9CEB8-8B4A-11D0-8D11-00A0C91BC942}") = "libcstring", "libcstring\libcstring.vcproj", "{20FFC4C9-F44C-45F6-A827-4819B4DF3C9F}"
EndProject
Project("{8BC9CEB8-8B4A-11D0-8D11-00A0C91BC942}") = "libcerror", "libcerror\libcerror.vcproj", "{BD3A95FA-A3DE-4B79-A889-A7E5ECA4B69C}"
	ProjectSection(ProjectDependencies) = postProject
		{20FFC4C9-F44C-45F6-A827-4819B4DF3C9F} = {20FFC4C9-F44C-45F6-A827-4819B4DF3C9F}
	EndProjectSection
EndProject
Global
	GlobalSection(SolutionConfigurationPlatforms) = preSolution
		Release|Win32 = Release|Win32
		VSDebug|Win32 = VSDebug|Win32
	EndGlobalSection
	GlobalSection(ProjectConfigurationPlatforms) = postSolution
		{D183C7CA-EEAB-4669-9BBE-8289FA08A754}.Release|Win32.ActiveCfg = Release|Win32
		{D183C7CA-EEAB-4669-9BBE-8289FA08A754}.Release|Win32.Build.0 = Release|Win32
		{D183C7CA-EEAB-4669-9BBE-8289FA08A754}.VSDebug|Win32.ActiveCfg = VSDebug|Win32
		{D183C7CA-EEAB-4669-9BBE-8289FA08A754}.VSDebug|Win32.Build.0 = VSDebug|Win32
		{4D889E68-8FDA-4B30-8FAD-5D5977C8B219}.Release|Win32.ActiveCfg = Release|Win32
		{4D889E68-8FDA-4B30-8FAD-5D5977C8B219}.Release|Win32.Build.0 = Release|Win32
		{4D889E68-8FDA-4B30-8FAD-5D5977C8B219}.VSDebug|Win32.ActiveCfg = VSDebug|Win32
		{4D889E68-8FDA-4B30-8FAD-5D5977C8B219}.VSDebug|Win32.Build.0 = VSDebug|Win32
		{FE1DC155-3C65-4D44-AF9C-7765F3636151}.Release|Win32.ActiveCfg = Release|Win32
		{FE1DC155-3C65-4D44-AF9C-7765F3636151}.Release|Win32.Build.0 = Release|Win32
		{FE1DC155-3C65-4D44-AF9C-7765F3636151}.VSDebug|Win32.ActiveCfg = VSDebug|Win32
		{FE1DC155-3C65-4D44-AF9C-7765F3636151}.VSDebug|Win32.Build.0 = VSDebug|Win32
		{20FFC4C9-F44C-45F6-A827-4819B4DF3C9F}.Release|Win32.ActiveCfg = Release|Win32
		{20FFC4C9-F44C-45F6-A827-4819B4DF3C9F}.Release|Win32.Build.0 = Release|Win32
		{20FFC4C9-F44C-45F6-A827-4819B4DF3C9F}.VSDebug|Win32.ActiveCfg = VSDebug|Win32
		{20FFC4C9-F44C-45F6-A827-4819B4DF3C9F}.VSDebug|Win32.Build.0 = VSDebug|Win32
		{BD3A95FA-A3DE-4B79-A889-A7E5ECA4B69C}.Release|Win32.ActiveCfg = Release|Win32
		{BD3A95FA-A3DE-4B79-A889-A7E5ECA4B69C}.Release|Win32.Build.0 = Release|Win32
		{BD3A95FA-A3DE-4B79-A889-A7E5ECA4B69C}.VSDebug|Win32.ActiveCfg = VSDebug|Win32
		{BD3A95FA-A3DE-4B79-A889-A7E5ECA4B69C}.VSDebug|Win32.Build.0 = VSDebug|Win32
	EndGlobalSection
	GlobalSection(SolutionProperties) = preSolution
		HideSolutionNode = FALSE
	EndGlobalSection
EndGlobal
